
Microsoft Visual Studio Solution File, Format Version 12.00
# Visual Studio Version 17
VisualStudioVersion = 17.5.002.0
MinimumVisualStudioVersion = 10.0.40219.1
Project("{9A19103F-16F7-4668-BE54-9A1E7A4F7556}") = "LoRaDashboard", "LoRaDashboard.csproj", "{FDFCFB3B-F4A6-4AF4-BCAA-A6CD6B1A8178}"
EndProject
Global
	GlobalSection(SolutionConfigurationPlatforms) = preSolution
		Debug|Any CPU = Debug|Any CPU
		Release|Any CPU = Release|Any CPU
	EndGlobalSection
	GlobalSection(ProjectConfigurationPlatforms) = postSolution
		{FDFCFB3B-F4A6-4AF4-BCAA-A6CD6B1A8178}.Debug|Any CPU.ActiveCfg = Debug|Any CPU
		{FDFCFB3B-F4A6-4AF4-BCAA-A6CD6B1A8178}.Debug|Any CPU.Build.0 = Debug|Any CPU
		{FDFCFB3B-F4A6-4AF4-BCAA-A6CD6B1A8178}.Release|Any CPU.ActiveCfg = Release|Any CPU
		{FDFCFB3B-F4A6-4AF4-BCAA-A6CD6B1A8178}.Release|Any CPU.Build.0 = Release|Any CPU
	EndGlobalSection
	GlobalSection(SolutionProperties) = preSolution
		HideSolutionNode = FALSE
	EndGlobalSection
	GlobalSection(ExtensibilityGlobals) = postSolution
		SolutionGuid = {8E7EC5C5-91C1-4EA4-B4D9-5916FFC420AE}
	EndGlobalSection
EndGlobal
